
Microsoft Visual Studio Solution File, Format Version 12.00
# Visual Studio Version 17
VisualStudioVersion = 17.8.34316.72
MinimumVisualStudioVersion = 10.0.40219.1
Project("{FAE04EC0-301F-11D3-BF4B-00C04F79EFBC}") = "List6", "List6\List6.csproj", "{312D815D-8FFE-4E25-9DAB-37EA4FA2FC15}"
EndProject
Global
	GlobalSection(SolutionConfigurationPlatforms) = preSolution
		Debug|Any CPU = Debug|Any CPU
		Release|Any CPU = Release|Any CPU
	EndGlobalSection
	GlobalSection(ProjectConfigurationPlatforms) = postSolution
		{312D815D-8FFE-4E25-9DAB-37EA4FA2FC15}.Debug|Any CPU.ActiveCfg = Debug|Any CPU
		{312D815D-8FFE-4E25-9DAB-37EA4FA2FC15}.Debug|Any CPU.Build.0 = Debug|Any CPU
		{312D815D-8FFE-4E25-9DAB-37EA4FA2FC15}.Release|Any CPU.ActiveCfg = Release|Any CPU
		{312D815D-8FFE-4E25-9DAB-37EA4FA2FC15}.Release|Any CPU.Build.0 = Release|Any CPU
	EndGlobalSection
	GlobalSection(SolutionProperties) = preSolution
		HideSolutionNode = FALSE
	EndGlobalSection
	GlobalSection(ExtensibilityGlobals) = postSolution
		SolutionGuid = {310A8359-0136-4F8B-8994-A11F586125B3}
	EndGlobalSection
EndGlobal
