
Microsoft Visual Studio Solution File, Format Version 12.00
# Visual Studio Version 17
VisualStudioVersion = 17.8.34309.116
MinimumVisualStudioVersion = 10.0.40219.1
Project("{FAE04EC0-301F-11D3-BF4B-00C04F79EFBC}") = "Task2", "Task2.csproj", "{A85C8EBB-0FAA-4C8C-9132-D6CFC06E005E}"
EndProject
Global
	GlobalSection(SolutionConfigurationPlatforms) = preSolution
		Debug|Any CPU = Debug|Any CPU
		Release|Any CPU = Release|Any CPU
	EndGlobalSection
	GlobalSection(ProjectConfigurationPlatforms) = postSolution
		{A85C8EBB-0FAA-4C8C-9132-D6CFC06E005E}.Debug|Any CPU.ActiveCfg = Debug|Any CPU
		{A85C8EBB-0FAA-4C8C-9132-D6CFC06E005E}.Debug|Any CPU.Build.0 = Debug|Any CPU
		{A85C8EBB-0FAA-4C8C-9132-D6CFC06E005E}.Release|Any CPU.ActiveCfg = Release|Any CPU
		{A85C8EBB-0FAA-4C8C-9132-D6CFC06E005E}.Release|Any CPU.Build.0 = Release|Any CPU
	EndGlobalSection
	GlobalSection(SolutionProperties) = preSolution
		HideSolutionNode = FALSE
	EndGlobalSection
	GlobalSection(ExtensibilityGlobals) = postSolution
		SolutionGuid = {10204FC4-5423-4225-B370-0897D6B3AF18}
	EndGlobalSection
EndGlobal
