
Microsoft Visual Studio Solution File, Format Version 12.00
# Visual Studio Version 17
VisualStudioVersion = 17.8.34316.72
MinimumVisualStudioVersion = 10.0.40219.1
Project("{FAE04EC0-301F-11D3-BF4B-00C04F79EFBC}") = "List7", "List7.csproj", "{2BFC16E6-C2BD-4B1F-837B-D8A42883D5D8}"
EndProject
Global
	GlobalSection(SolutionConfigurationPlatforms) = preSolution
		Debug|Any CPU = Debug|Any CPU
		Release|Any CPU = Release|Any CPU
	EndGlobalSection
	GlobalSection(ProjectConfigurationPlatforms) = postSolution
		{2BFC16E6-C2BD-4B1F-837B-D8A42883D5D8}.Debug|Any CPU.ActiveCfg = Debug|Any CPU
		{2BFC16E6-C2BD-4B1F-837B-D8A42883D5D8}.Debug|Any CPU.Build.0 = Debug|Any CPU
		{2BFC16E6-C2BD-4B1F-837B-D8A42883D5D8}.Release|Any CPU.ActiveCfg = Release|Any CPU
		{2BFC16E6-C2BD-4B1F-837B-D8A42883D5D8}.Release|Any CPU.Build.0 = Release|Any CPU
	EndGlobalSection
	GlobalSection(SolutionProperties) = preSolution
		HideSolutionNode = FALSE
	EndGlobalSection
	GlobalSection(ExtensibilityGlobals) = postSolution
		SolutionGuid = {3BB5B2FD-686A-4CD5-815D-1A87836709ED}
	EndGlobalSection
EndGlobal
